
Microsoft Visual Studio Solution File, Format Version 12.00
# Visual Studio Version 16
VisualStudioVersion = 16.0.29201.188
MinimumVisualStudioVersion = 10.0.40219.1
Project("{8BC9CEB8-8B4A-11D0-8D11-00A0C91BC942}") = "StackMachine", "StackMachine\StackMachine.vcxproj", "{20452D37-6C15-4D48-97C8-A342A8171E7B}"
EndProject
Global
	GlobalSection(SolutionConfigurationPlatforms) = preSolution
		Debug|x64 = Debug|x64
		Debug|x86 = Debug|x86
		Release|x64 = Release|x64
		Release|x86 = Release|x86
	EndGlobalSection
	GlobalSection(ProjectConfigurationPlatforms) = postSolution
		{20452D37-6C15-4D48-97C8-A342A8171E7B}.Debug|x64.ActiveCfg = Debug|x64
		{20452D37-6C15-4D48-97C8-A342A8171E7B}.Debug|x64.Build.0 = Debug|x64
		{20452D37-6C15-4D48-97C8-A342A8171E7B}.Debug|x86.ActiveCfg = Debug|Win32
		{20452D37-6C15-4D48-97C8-A342A8171E7B}.Debug|x86.Build.0 = Debug|Win32
		{20452D37-6C15-4D48-97C8-A342A8171E7B}.Release|x64.ActiveCfg = Release|x64
		{20452D37-6C15-4D48-97C8-A342A8171E7B}.Release|x64.Build.0 = Release|x64
		{20452D37-6C15-4D48-97C8-A342A8171E7B}.Release|x86.ActiveCfg = Release|Win32
		{20452D37-6C15-4D48-97C8-A342A8171E7B}.Release|x86.Build.0 = Release|Win32
	EndGlobalSection
	GlobalSection(SolutionProperties) = preSolution
		HideSolutionNode = FALSE
	EndGlobalSection
	GlobalSection(ExtensibilityGlobals) = postSolution
		SolutionGuid = {D8FD8A90-2496-40A8-B01B-40B3F1AB96E9}
	EndGlobalSection
EndGlobal
